
Microsoft Visual Studio Solution File, Format Version 12.00
# Visual Studio Version 16
VisualStudioVersion = 16.0.30309.148
MinimumVisualStudioVersion = 10.0.40219.1
Project("{FAE04EC0-301F-11D3-BF4B-00C04F79EFBC}") = "TheBookshelf.Web", "TheBookshelf.Web\TheBookshelf.Web.csproj", "{7F323554-C496-4EC4-957E-2430259626DF}"
	ProjectSection(ProjectDependencies) = postProject
		{404C20C5-4A26-4701-BB11-B55CC622993D} = {404C20C5-4A26-4701-BB11-B55CC622993D}
	EndProjectSection
EndProject
Project("{FAE04EC0-301F-11D3-BF4B-00C04F79EFBC}") = "TheBookshelf.DAL", "TheBookshelf.DAL\TheBookshelf.DAL.csproj", "{12227958-E58C-40A2-9E07-B5DD7AC564B6}"
EndProject
Project("{FAE04EC0-301F-11D3-BF4B-00C04F79EFBC}") = "TheBookshelf.BLL", "TheBookshelf.BLL\TheBookshelf.BLL.csproj", "{404C20C5-4A26-4701-BB11-B55CC622993D}"
	ProjectSection(ProjectDependencies) = postProject
		{12227958-E58C-40A2-9E07-B5DD7AC564B6} = {12227958-E58C-40A2-9E07-B5DD7AC564B6}
	EndProjectSection
EndProject
Project("{2150E333-8FDC-42A3-9474-1A3956D46DE8}") = "Solution Items", "Solution Items", "{B9A14506-BED5-4040-BD99-171A91F80961}"
	ProjectSection(SolutionItems) = preProject
		.editorconfig = .editorconfig
	EndProjectSection
EndProject
Global
	GlobalSection(SolutionConfigurationPlatforms) = preSolution
		Debug|Any CPU = Debug|Any CPU
		Release|Any CPU = Release|Any CPU
	EndGlobalSection
	GlobalSection(ProjectConfigurationPlatforms) = postSolution
		{7F323554-C496-4EC4-957E-2430259626DF}.Debug|Any CPU.ActiveCfg = Debug|Any CPU
		{7F323554-C496-4EC4-957E-2430259626DF}.Debug|Any CPU.Build.0 = Debug|Any CPU
		{7F323554-C496-4EC4-957E-2430259626DF}.Release|Any CPU.ActiveCfg = Release|Any CPU
		{7F323554-C496-4EC4-957E-2430259626DF}.Release|Any CPU.Build.0 = Release|Any CPU
		{12227958-E58C-40A2-9E07-B5DD7AC564B6}.Debug|Any CPU.ActiveCfg = Debug|Any CPU
		{12227958-E58C-40A2-9E07-B5DD7AC564B6}.Debug|Any CPU.Build.0 = Debug|Any CPU
		{12227958-E58C-40A2-9E07-B5DD7AC564B6}.Release|Any CPU.ActiveCfg = Release|Any CPU
		{12227958-E58C-40A2-9E07-B5DD7AC564B6}.Release|Any CPU.Build.0 = Release|Any CPU
		{404C20C5-4A26-4701-BB11-B55CC622993D}.Debug|Any CPU.ActiveCfg = Debug|Any CPU
		{404C20C5-4A26-4701-BB11-B55CC622993D}.Debug|Any CPU.Build.0 = Debug|Any CPU
		{404C20C5-4A26-4701-BB11-B55CC622993D}.Release|Any CPU.ActiveCfg = Release|Any CPU
		{404C20C5-4A26-4701-BB11-B55CC622993D}.Release|Any CPU.Build.0 = Release|Any CPU
	EndGlobalSection
	GlobalSection(SolutionProperties) = preSolution
		HideSolutionNode = FALSE
	EndGlobalSection
	GlobalSection(ExtensibilityGlobals) = postSolution
		SolutionGuid = {1AB8C4E0-7C03-43FF-B7C4-CDB54D7E8C94}
	EndGlobalSection
EndGlobal
